
Microsoft Visual Studio Solution File, Format Version 12.00
# Visual Studio Version 17
VisualStudioVersion = 17.8.34525.116
MinimumVisualStudioVersion = 10.0.40219.1
Project("{FAE04EC0-301F-11D3-BF4B-00C04F79EFBC}") = "MWR Config Editor", "MWR Config Editor.csproj", "{C9967BFF-133B-485C-BE94-FDCED33C2503}"
EndProject
Global
	GlobalSection(SolutionConfigurationPlatforms) = preSolution
		Debug|Any CPU = Debug|Any CPU
		Release|Any CPU = Release|Any CPU
	EndGlobalSection
	GlobalSection(ProjectConfigurationPlatforms) = postSolution
		{C9967BFF-133B-485C-BE94-FDCED33C2503}.Debug|Any CPU.ActiveCfg = Debug|Any CPU
		{C9967BFF-133B-485C-BE94-FDCED33C2503}.Debug|Any CPU.Build.0 = Debug|Any CPU
		{C9967BFF-133B-485C-BE94-FDCED33C2503}.Release|Any CPU.ActiveCfg = Release|Any CPU
		{C9967BFF-133B-485C-BE94-FDCED33C2503}.Release|Any CPU.Build.0 = Release|Any CPU
	EndGlobalSection
	GlobalSection(SolutionProperties) = preSolution
		HideSolutionNode = FALSE
	EndGlobalSection
	GlobalSection(ExtensibilityGlobals) = postSolution
		SolutionGuid = {32D7CB45-62E4-4069-8102-9F32F30F820F}
	EndGlobalSection
EndGlobal
